
Microsoft Visual Studio Solution File, Format Version 12.00
# Visual Studio Version 17
VisualStudioVersion = 17.3.32825.248
MinimumVisualStudioVersion = 10.0.40219.1
Project("{8BC9CEB8-8B4A-11D0-8D11-00A0C91BC942}") = "Machine Project", "Machine Project.vcxproj", "{A89533D3-22EB-427F-9F57-ACF11C31164E}"
EndProject
Global
	GlobalSection(SolutionConfigurationPlatforms) = preSolution
		Debug|x64 = Debug|x64
		Debug|x86 = Debug|x86
		Release|x64 = Release|x64
		Release|x86 = Release|x86
	EndGlobalSection
	GlobalSection(ProjectConfigurationPlatforms) = postSolution
		{A89533D3-22EB-427F-9F57-ACF11C31164E}.Debug|x64.ActiveCfg = Debug|x64
		{A89533D3-22EB-427F-9F57-ACF11C31164E}.Debug|x64.Build.0 = Debug|x64
		{A89533D3-22EB-427F-9F57-ACF11C31164E}.Debug|x86.ActiveCfg = Debug|Win32
		{A89533D3-22EB-427F-9F57-ACF11C31164E}.Debug|x86.Build.0 = Debug|Win32
		{A89533D3-22EB-427F-9F57-ACF11C31164E}.Release|x64.ActiveCfg = Release|x64
		{A89533D3-22EB-427F-9F57-ACF11C31164E}.Release|x64.Build.0 = Release|x64
		{A89533D3-22EB-427F-9F57-ACF11C31164E}.Release|x86.ActiveCfg = Release|Win32
		{A89533D3-22EB-427F-9F57-ACF11C31164E}.Release|x86.Build.0 = Release|Win32
	EndGlobalSection
	GlobalSection(SolutionProperties) = preSolution
		HideSolutionNode = FALSE
	EndGlobalSection
	GlobalSection(ExtensibilityGlobals) = postSolution
		SolutionGuid = {8D34C3DF-A8DD-4607-B907-975D5D9B5ABF}
	EndGlobalSection
EndGlobal
